
Microsoft Visual Studio Solution File, Format Version 12.00
# Visual Studio Version 17
VisualStudioVersion = 17.4.33122.133
MinimumVisualStudioVersion = 10.0.40219.1
Project("{9A19103F-16F7-4668-BE54-9A1E7A4F7556}") = "HTMLDemo", "HTMLDemo\HTMLDemo.csproj", "{87A3B919-8C7A-4156-8582-AEB7C367237F}"
EndProject
Project("{9A19103F-16F7-4668-BE54-9A1E7A4F7556}") = "JavascriptDemo", "JavascriptDemo\JavascriptDemo.csproj", "{B4725B86-778B-4853-ABD7-59136310538A}"
EndProject
Project("{9A19103F-16F7-4668-BE54-9A1E7A4F7556}") = "JQueryDemo", "JQueryDemo\JQueryDemo.csproj", "{17C88FD8-B381-4DBE-8DD6-BDBBF145ACF1}"
EndProject
Project("{9A19103F-16F7-4668-BE54-9A1E7A4F7556}") = "DummyApp", "DummyApp\DummyApp.csproj", "{58A6C350-902F-4B9A-A8E3-6B30DC800DAB}"
EndProject
Project("{FAE04EC0-301F-11D3-BF4B-00C04F79EFBC}") = "BootstrapDemo", "BootstrapDemo\BootstrapDemo.csproj", "{4D78CDCE-6962-4DAF-83DA-0AE26941BC4E}"
EndProject
Global
	GlobalSection(SolutionConfigurationPlatforms) = preSolution
		Debug|Any CPU = Debug|Any CPU
		Release|Any CPU = Release|Any CPU
	EndGlobalSection
	GlobalSection(ProjectConfigurationPlatforms) = postSolution
		{87A3B919-8C7A-4156-8582-AEB7C367237F}.Debug|Any CPU.ActiveCfg = Debug|Any CPU
		{87A3B919-8C7A-4156-8582-AEB7C367237F}.Debug|Any CPU.Build.0 = Debug|Any CPU
		{87A3B919-8C7A-4156-8582-AEB7C367237F}.Release|Any CPU.ActiveCfg = Release|Any CPU
		{87A3B919-8C7A-4156-8582-AEB7C367237F}.Release|Any CPU.Build.0 = Release|Any CPU
		{B4725B86-778B-4853-ABD7-59136310538A}.Debug|Any CPU.ActiveCfg = Debug|Any CPU
		{B4725B86-778B-4853-ABD7-59136310538A}.Debug|Any CPU.Build.0 = Debug|Any CPU
		{B4725B86-778B-4853-ABD7-59136310538A}.Release|Any CPU.ActiveCfg = Release|Any CPU
		{B4725B86-778B-4853-ABD7-59136310538A}.Release|Any CPU.Build.0 = Release|Any CPU
		{17C88FD8-B381-4DBE-8DD6-BDBBF145ACF1}.Debug|Any CPU.ActiveCfg = Debug|Any CPU
		{17C88FD8-B381-4DBE-8DD6-BDBBF145ACF1}.Debug|Any CPU.Build.0 = Debug|Any CPU
		{17C88FD8-B381-4DBE-8DD6-BDBBF145ACF1}.Release|Any CPU.ActiveCfg = Release|Any CPU
		{17C88FD8-B381-4DBE-8DD6-BDBBF145ACF1}.Release|Any CPU.Build.0 = Release|Any CPU
		{58A6C350-902F-4B9A-A8E3-6B30DC800DAB}.Debug|Any CPU.ActiveCfg = Debug|Any CPU
		{58A6C350-902F-4B9A-A8E3-6B30DC800DAB}.Debug|Any CPU.Build.0 = Debug|Any CPU
		{58A6C350-902F-4B9A-A8E3-6B30DC800DAB}.Release|Any CPU.ActiveCfg = Release|Any CPU
		{58A6C350-902F-4B9A-A8E3-6B30DC800DAB}.Release|Any CPU.Build.0 = Release|Any CPU
		{4D78CDCE-6962-4DAF-83DA-0AE26941BC4E}.Debug|Any CPU.ActiveCfg = Debug|Any CPU
		{4D78CDCE-6962-4DAF-83DA-0AE26941BC4E}.Debug|Any CPU.Build.0 = Debug|Any CPU
		{4D78CDCE-6962-4DAF-83DA-0AE26941BC4E}.Release|Any CPU.ActiveCfg = Release|Any CPU
		{4D78CDCE-6962-4DAF-83DA-0AE26941BC4E}.Release|Any CPU.Build.0 = Release|Any CPU
	EndGlobalSection
	GlobalSection(SolutionProperties) = preSolution
		HideSolutionNode = FALSE
	EndGlobalSection
	GlobalSection(ExtensibilityGlobals) = postSolution
		SolutionGuid = {5C86FE49-BB5E-41EB-B971-312DB4C569D1}
	EndGlobalSection
EndGlobal
